
Microsoft Visual Studio Solution File, Format Version 12.00
# Visual Studio Version 17
VisualStudioVersion = 17.5.002.0
MinimumVisualStudioVersion = 10.0.40219.1
Project("{9A19103F-16F7-4668-BE54-9A1E7A4F7556}") = "app", "app.csproj", "{0FFC5F62-53D5-4233-8B5F-47DFFE0425F5}"
EndProject
Global
	GlobalSection(SolutionConfigurationPlatforms) = preSolution
		Debug|Any CPU = Debug|Any CPU
		Release|Any CPU = Release|Any CPU
	EndGlobalSection
	GlobalSection(ProjectConfigurationPlatforms) = postSolution
		{0FFC5F62-53D5-4233-8B5F-47DFFE0425F5}.Debug|Any CPU.ActiveCfg = Debug|Any CPU
		{0FFC5F62-53D5-4233-8B5F-47DFFE0425F5}.Debug|Any CPU.Build.0 = Debug|Any CPU
		{0FFC5F62-53D5-4233-8B5F-47DFFE0425F5}.Release|Any CPU.ActiveCfg = Release|Any CPU
		{0FFC5F62-53D5-4233-8B5F-47DFFE0425F5}.Release|Any CPU.Build.0 = Release|Any CPU
	EndGlobalSection
	GlobalSection(SolutionProperties) = preSolution
		HideSolutionNode = FALSE
	EndGlobalSection
	GlobalSection(ExtensibilityGlobals) = postSolution
		SolutionGuid = {7872F67F-3C58-4A33-83CD-C60C70901F56}
	EndGlobalSection
EndGlobal
